// !$*UTF8*$!
{
	archiveVersion = 1;
	classes = {
	};
	objectVersion = 56;
	objects = {

/* Begin PBXBuildFile section */
		1F9669EC2BD8C04C0091EBDD /* MapViewController.swift in Sources */ = {isa = PBXBuildFile; fileRef = 1F9669EA2BD8C04C0091EBDD /* MapViewController.swift */; };
		1F9669ED2BD8C04C0091EBDD /* MapViewController.xib in Resources */ = {isa = PBXBuildFile; fileRef = 1F9669EB2BD8C04C0091EBDD /* MapViewController.xib */; };
		1F9669EF2BD8C1360091EBDD /* TabController.swift in Sources */ = {isa = PBXBuildFile; fileRef = 1F9669EE2BD8C1360091EBDD /* TabController.swift */; };
		1F9669F12BD8C7A60091EBDD /* JournalViewController.xib in Resources */ = {isa = PBXBuildFile; fileRef = 1F9669F02BD8C7A60091EBDD /* JournalViewController.xib */; };
		1F9669F42BD902B70091EBDD /* NewEntryViewController.swift in Sources */ = {isa = PBXBuildFile; fileRef = 1F9669F22BD902B70091EBDD /* NewEntryViewController.swift */; };
		1F9669F52BD902B70091EBDD /* NewEntryViewController.xib in Resources */ = {isa = PBXBuildFile; fileRef = 1F9669F32BD902B70091EBDD /* NewEntryViewController.xib */; };
		1F9669F92BD914000091EBDD /* JournalEntryDetailViewController.swift in Sources */ = {isa = PBXBuildFile; fileRef = 1F9669F72BD914000091EBDD /* JournalEntryDetailViewController.swift */; };
		1F9669FA2BD914000091EBDD /* JournalEntryDetailViewController.xib in Resources */ = {isa = PBXBuildFile; fileRef = 1F9669F82BD914000091EBDD /* JournalEntryDetailViewController.xib */; };
		1F9669FE2BD92A390091EBDD /* JournalTableViewCell.swift in Sources */ = {isa = PBXBuildFile; fileRef = 1F9669FC2BD92A390091EBDD /* JournalTableViewCell.swift */; };
		1F9669FF2BD92A390091EBDD /* JournalTableViewCell.xib in Resources */ = {isa = PBXBuildFile; fileRef = 1F9669FD2BD92A390091EBDD /* JournalTableViewCell.xib */; };
		1F966A022BD92E3E0091EBDD /* NSObject+Extension.swift in Sources */ = {isa = PBXBuildFile; fileRef = 1F966A012BD92E3E0091EBDD /* NSObject+Extension.swift */; };
		1F966A0F2BDA0FB70091EBDD /* JournalEntry.swift in Sources */ = {isa = PBXBuildFile; fileRef = 1F966A0E2BDA0FB70091EBDD /* JournalEntry.swift */; };
		1F966A112BE0DC350091EBDD /* SharedData.swift in Sources */ = {isa = PBXBuildFile; fileRef = 1F966A102BE0DC350091EBDD /* SharedData.swift */; };
		1F966A142BE3505A0091EBDD /* RatingView.swift in Sources */ = {isa = PBXBuildFile; fileRef = 1F966A132BE3505A0091EBDD /* RatingView.swift */; };
		1F966A1C2BE3979D0091EBDD /* JournalListViewController.swift in Sources */ = {isa = PBXBuildFile; fileRef = 1F966A1A2BE3979D0091EBDD /* JournalListViewController.swift */; };
		1F966A212BE398800091EBDD /* JournalListCollectionViewCell.swift in Sources */ = {isa = PBXBuildFile; fileRef = 1F966A1F2BE398800091EBDD /* JournalListCollectionViewCell.swift */; };
		1F966A222BE398800091EBDD /* JournalListCollectionViewCell.xib in Resources */ = {isa = PBXBuildFile; fileRef = 1F966A202BE398800091EBDD /* JournalListCollectionViewCell.xib */; };
		1F966A242BE399250091EBDD /* JournalListViewController.xib in Resources */ = {isa = PBXBuildFile; fileRef = 1F966A232BE399250091EBDD /* JournalListViewController.xib */; };
		1FA3CA322BD8A90C002B4593 /* AppDelegate.swift in Sources */ = {isa = PBXBuildFile; fileRef = 1FA3CA312BD8A90C002B4593 /* AppDelegate.swift */; };
		1FA3CA342BD8A90C002B4593 /* SceneDelegate.swift in Sources */ = {isa = PBXBuildFile; fileRef = 1FA3CA332BD8A90C002B4593 /* SceneDelegate.swift */; };
		1FA3CA362BD8A90C002B4593 /* JournalViewController.swift in Sources */ = {isa = PBXBuildFile; fileRef = 1FA3CA352BD8A90C002B4593 /* JournalViewController.swift */; };
		1FA3CA392BD8A90C002B4593 /* Main.storyboard in Resources */ = {isa = PBXBuildFile; fileRef = 1FA3CA372BD8A90C002B4593 /* Main.storyboard */; };
		1FA3CA3B2BD8A90F002B4593 /* Assets.xcassets in Resources */ = {isa = PBXBuildFile; fileRef = 1FA3CA3A2BD8A90F002B4593 /* Assets.xcassets */; };
		1FA3CA3E2BD8A90F002B4593 /* LaunchScreen.storyboard in Resources */ = {isa = PBXBuildFile; fileRef = 1FA3CA3C2BD8A90F002B4593 /* LaunchScreen.storyboard */; };
/* End PBXBuildFile section */

/* Begin PBXFileReference section */
		1F9669EA2BD8C04C0091EBDD /* MapViewController.swift */ = {isa = PBXFileReference; lastKnownFileType = sourcecode.swift; path = MapViewController.swift; sourceTree = "<group>"; };
		1F9669EB2BD8C04C0091EBDD /* MapViewController.xib */ = {isa = PBXFileReference; lastKnownFileType = file.xib; path = MapViewController.xib; sourceTree = "<group>"; };
		1F9669EE2BD8C1360091EBDD /* TabController.swift */ = {isa = PBXFileReference; lastKnownFileType = sourcecode.swift; path = TabController.swift; sourceTree = "<group>"; };
		1F9669F02BD8C7A60091EBDD /* JournalViewController.xib */ = {isa = PBXFileReference; lastKnownFileType = file.xib; path = JournalViewController.xib; sourceTree = "<group>"; };
		1F9669F22BD902B70091EBDD /* NewEntryViewController.swift */ = {isa = PBXFileReference; lastKnownFileType = sourcecode.swift; path = NewEntryViewController.swift; sourceTree = "<group>"; };
		1F9669F32BD902B70091EBDD /* NewEntryViewController.xib */ = {isa = PBXFileReference; lastKnownFileType = file.xib; path = NewEntryViewController.xib; sourceTree = "<group>"; };
		1F9669F72BD914000091EBDD /* JournalEntryDetailViewController.swift */ = {isa = PBXFileReference; lastKnownFileType = sourcecode.swift; path = JournalEntryDetailViewController.swift; sourceTree = "<group>"; };
		1F9669F82BD914000091EBDD /* JournalEntryDetailViewController.xib */ = {isa = PBXFileReference; lastKnownFileType = file.xib; path = JournalEntryDetailViewController.xib; sourceTree = "<group>"; };
		1F9669FC2BD92A390091EBDD /* JournalTableViewCell.swift */ = {isa = PBXFileReference; lastKnownFileType = sourcecode.swift; path = JournalTableViewCell.swift; sourceTree = "<group>"; };
		1F9669FD2BD92A390091EBDD /* JournalTableViewCell.xib */ = {isa = PBXFileReference; lastKnownFileType = file.xib; path = JournalTableViewCell.xib; sourceTree = "<group>"; };
		1F966A012BD92E3E0091EBDD /* NSObject+Extension.swift */ = {isa = PBXFileReference; lastKnownFileType = sourcecode.swift; path = "NSObject+Extension.swift"; sourceTree = "<group>"; };
		1F966A0E2BDA0FB70091EBDD /* JournalEntry.swift */ = {isa = PBXFileReference; lastKnownFileType = sourcecode.swift; path = JournalEntry.swift; sourceTree = "<group>"; };
		1F966A102BE0DC350091EBDD /* SharedData.swift */ = {isa = PBXFileReference; lastKnownFileType = sourcecode.swift; path = SharedData.swift; sourceTree = "<group>"; };
		1F966A132BE3505A0091EBDD /* RatingView.swift */ = {isa = PBXFileReference; lastKnownFileType = sourcecode.swift; path = RatingView.swift; sourceTree = "<group>"; };
		1F966A1A2BE3979D0091EBDD /* JournalListViewController.swift */ = {isa = PBXFileReference; lastKnownFileType = sourcecode.swift; path = JournalListViewController.swift; sourceTree = "<group>"; };
		1F966A1F2BE398800091EBDD /* JournalListCollectionViewCell.swift */ = {isa = PBXFileReference; lastKnownFileType = sourcecode.swift; path = JournalListCollectionViewCell.swift; sourceTree = "<group>"; };
		1F966A202BE398800091EBDD /* JournalListCollectionViewCell.xib */ = {isa = PBXFileReference; lastKnownFileType = file.xib; path = JournalListCollectionViewCell.xib; sourceTree = "<group>"; };
		1F966A232BE399250091EBDD /* JournalListViewController.xib */ = {isa = PBXFileReference; lastKnownFileType = file.xib; path = JournalListViewController.xib; sourceTree = "<group>"; };
		1FA3CA2E2BD8A90C002B4593 /* JRNL.app */ = {isa = PBXFileReference; explicitFileType = wrapper.application; includeInIndex = 0; path = JRNL.app; sourceTree = BUILT_PRODUCTS_DIR; };
		1FA3CA312BD8A90C002B4593 /* AppDelegate.swift */ = {isa = PBXFileReference; lastKnownFileType = sourcecode.swift; path = AppDelegate.swift; sourceTree = "<group>"; };
		1FA3CA332BD8A90C002B4593 /* SceneDelegate.swift */ = {isa = PBXFileReference; lastKnownFileType = sourcecode.swift; path = SceneDelegate.swift; sourceTree = "<group>"; };
		1FA3CA352BD8A90C002B4593 /* JournalViewController.swift */ = {isa = PBXFileReference; lastKnownFileType = sourcecode.swift; path = JournalViewController.swift; sourceTree = "<group>"; };
		1FA3CA382BD8A90C002B4593 /* Base */ = {isa = PBXFileReference; lastKnownFileType = file.storyboard; name = Base; path = Base.lproj/Main.storyboard; sourceTree = "<group>"; };
		1FA3CA3A2BD8A90F002B4593 /* Assets.xcassets */ = {isa = PBXFileReference; lastKnownFileType = folder.assetcatalog; path = Assets.xcassets; sourceTree = "<group>"; };
		1FA3CA3D2BD8A90F002B4593 /* Base */ = {isa = PBXFileReference; lastKnownFileType = file.storyboard; name = Base; path = Base.lproj/LaunchScreen.storyboard; sourceTree = "<group>"; };
		1FA3CA3F2BD8A90F002B4593 /* Info.plist */ = {isa = PBXFileReference; lastKnownFileType = text.plist.xml; path = Info.plist; sourceTree = "<group>"; };
/* End PBXFileReference section */

/* Begin PBXFrameworksBuildPhase section */
		1FA3CA2B2BD8A90C002B4593 /* Frameworks */ = {
			isa = PBXFrameworksBuildPhase;
			buildActionMask = 2147483647;
			files = (
			);
			runOnlyForDeploymentPostprocessing = 0;
		};
/* End PBXFrameworksBuildPhase section */

/* Begin PBXGroup section */
		1F9669F62BD902C80091EBDD /* View */ = {
			isa = PBXGroup;
			children = (
				1F966A092BDA0EEA0091EBDD /* Map Screen */,
				1F966A082BDA0EBF0091EBDD /* Journal List Scree */,
			);
			path = View;
			sourceTree = "<group>";
		};
		1F9669FB2BD92A0B0091EBDD /* cell */ = {
			isa = PBXGroup;
			children = (
				1F9669FC2BD92A390091EBDD /* JournalTableViewCell.swift */,
				1F9669FD2BD92A390091EBDD /* JournalTableViewCell.xib */,
			);
			path = cell;
			sourceTree = "<group>";
		};
		1F966A002BD92DFC0091EBDD /* Extensions */ = {
			isa = PBXGroup;
			children = (
				1F966A012BD92E3E0091EBDD /* NSObject+Extension.swift */,
			);
			path = Extensions;
			sourceTree = "<group>";
		};
		1F966A072BDA0EAB0091EBDD /* Models */ = {
			isa = PBXGroup;
			children = (
				1F966A0E2BDA0FB70091EBDD /* JournalEntry.swift */,
				1F966A102BE0DC350091EBDD /* SharedData.swift */,
			);
			path = Models;
			sourceTree = "<group>";
		};
		1F966A082BDA0EBF0091EBDD /* Journal List Scree */ = {
			isa = PBXGroup;
			children = (
				1F966A0B2BDA0F2B0091EBDD /* JornalDetail */,
				1F966A0A2BDA0F170091EBDD /* Journal */,
				1F966A152BE396960091EBDD /* JournalCollectionView */,
				1F966A0C2BDA0F3A0091EBDD /* NewEntry */,
			);
			path = "Journal List Scree";
			sourceTree = "<group>";
		};
		1F966A092BDA0EEA0091EBDD /* Map Screen */ = {
			isa = PBXGroup;
			children = (
				1F9669EA2BD8C04C0091EBDD /* MapViewController.swift */,
				1F9669EB2BD8C04C0091EBDD /* MapViewController.xib */,
			);
			path = "Map Screen";
			sourceTree = "<group>";
		};
		1F966A0A2BDA0F170091EBDD /* Journal */ = {
			isa = PBXGroup;
			children = (
				1FA3CA352BD8A90C002B4593 /* JournalViewController.swift */,
				1F9669F02BD8C7A60091EBDD /* JournalViewController.xib */,
				1F9669FB2BD92A0B0091EBDD /* cell */,
			);
			path = Journal;
			sourceTree = "<group>";
		};
		1F966A0B2BDA0F2B0091EBDD /* JornalDetail */ = {
			isa = PBXGroup;
			children = (
				1F9669F72BD914000091EBDD /* JournalEntryDetailViewController.swift */,
				1F9669F82BD914000091EBDD /* JournalEntryDetailViewController.xib */,
			);
			path = JornalDetail;
			sourceTree = "<group>";
		};
		1F966A0C2BDA0F3A0091EBDD /* NewEntry */ = {
			isa = PBXGroup;
			children = (
				1F9669F22BD902B70091EBDD /* NewEntryViewController.swift */,
				1F9669F32BD902B70091EBDD /* NewEntryViewController.xib */,
			);
			path = NewEntry;
			sourceTree = "<group>";
		};
		1F966A122BE3501C0091EBDD /* Views */ = {
			isa = PBXGroup;
			children = (
				1F966A132BE3505A0091EBDD /* RatingView.swift */,
			);
			path = Views;
			sourceTree = "<group>";
		};
		1F966A152BE396960091EBDD /* JournalCollectionView */ = {
			isa = PBXGroup;
			children = (
				1F966A1E2BE398520091EBDD /* cell */,
				1F966A1A2BE3979D0091EBDD /* JournalListViewController.swift */,
				1F966A232BE399250091EBDD /* JournalListViewController.xib */,
			);
			path = JournalCollectionView;
			sourceTree = "<group>";
		};
		1F966A1E2BE398520091EBDD /* cell */ = {
			isa = PBXGroup;
			children = (
				1F966A1F2BE398800091EBDD /* JournalListCollectionViewCell.swift */,
				1F966A202BE398800091EBDD /* JournalListCollectionViewCell.xib */,
			);
			path = cell;
			sourceTree = "<group>";
		};
		1FA3CA252BD8A90C002B4593 = {
			isa = PBXGroup;
			children = (
				1FA3CA302BD8A90C002B4593 /* JRNL */,
				1FA3CA2F2BD8A90C002B4593 /* Products */,
			);
			sourceTree = "<group>";
		};
		1FA3CA2F2BD8A90C002B4593 /* Products */ = {
			isa = PBXGroup;
			children = (
				1FA3CA2E2BD8A90C002B4593 /* JRNL.app */,
			);
			name = Products;
			sourceTree = "<group>";
		};
		1FA3CA302BD8A90C002B4593 /* JRNL */ = {
			isa = PBXGroup;
			children = (
				1FA3CA312BD8A90C002B4593 /* AppDelegate.swift */,
				1FA3CA3A2BD8A90F002B4593 /* Assets.xcassets */,
				1F966A002BD92DFC0091EBDD /* Extensions */,
				1FA3CA3F2BD8A90F002B4593 /* Info.plist */,
				1FA3CA3C2BD8A90F002B4593 /* LaunchScreen.storyboard */,
				1FA3CA372BD8A90C002B4593 /* Main.storyboard */,
				1F966A072BDA0EAB0091EBDD /* Models */,
				1FA3CA332BD8A90C002B4593 /* SceneDelegate.swift */,
				1F9669EE2BD8C1360091EBDD /* TabController.swift */,
				1F9669F62BD902C80091EBDD /* View */,
				1F966A122BE3501C0091EBDD /* Views */,
			);
			path = JRNL;
			sourceTree = "<group>";
		};
/* End PBXGroup section */

/* Begin PBXNativeTarget section */
		1FA3CA2D2BD8A90C002B4593 /* JRNL */ = {
			isa = PBXNativeTarget;
			buildConfigurationList = 1FA3CA422BD8A90F002B4593 /* Build configuration list for PBXNativeTarget "JRNL" */;
			buildPhases = (
				1FA3CA2A2BD8A90C002B4593 /* Sources */,
				1FA3CA2B2BD8A90C002B4593 /* Frameworks */,
				1FA3CA2C2BD8A90C002B4593 /* Resources */,
			);
			buildRules = (
			);
			dependencies = (
			);
			name = JRNL;
			productName = JRNL;
			productReference = 1FA3CA2E2BD8A90C002B4593 /* JRNL.app */;
			productType = "com.apple.product-type.application";
		};
/* End PBXNativeTarget section */

/* Begin PBXProject section */
		1FA3CA262BD8A90C002B4593 /* Project object */ = {
			isa = PBXProject;
			attributes = {
				BuildIndependentTargetsInParallel = 1;
				LastSwiftUpdateCheck = 1430;
				LastUpgradeCheck = 1430;
				TargetAttributes = {
					1FA3CA2D2BD8A90C002B4593 = {
						CreatedOnToolsVersion = 14.3;
					};
				};
			};
			buildConfigurationList = 1FA3CA292BD8A90C002B4593 /* Build configuration list for PBXProject "JRNL" */;
			compatibilityVersion = "Xcode 14.0";
			developmentRegion = en;
			hasScannedForEncodings = 0;
			knownRegions = (
				en,
				Base,
			);
			mainGroup = 1FA3CA252BD8A90C002B4593;
			productRefGroup = 1FA3CA2F2BD8A90C002B4593 /* Products */;
			projectDirPath = "";
			projectRoot = "";
			targets = (
				1FA3CA2D2BD8A90C002B4593 /* JRNL */,
			);
		};
/* End PBXProject section */

/* Begin PBXResourcesBuildPhase section */
		1FA3CA2C2BD8A90C002B4593 /* Resources */ = {
			isa = PBXResourcesBuildPhase;
			buildActionMask = 2147483647;
			files = (
				1F966A242BE399250091EBDD /* JournalListViewController.xib in Resources */,
				1F966A222BE398800091EBDD /* JournalListCollectionViewCell.xib in Resources */,
				1FA3CA3E2BD8A90F002B4593 /* LaunchScreen.storyboard in Resources */,
				1FA3CA3B2BD8A90F002B4593 /* Assets.xcassets in Resources */,
				1F9669F52BD902B70091EBDD /* NewEntryViewController.xib in Resources */,
				1F9669F12BD8C7A60091EBDD /* JournalViewController.xib in Resources */,
				1FA3CA392BD8A90C002B4593 /* Main.storyboard in Resources */,
				1F9669ED2BD8C04C0091EBDD /* MapViewController.xib in Resources */,
				1F9669FA2BD914000091EBDD /* JournalEntryDetailViewController.xib in Resources */,
				1F9669FF2BD92A390091EBDD /* JournalTableViewCell.xib in Resources */,
			);
			runOnlyForDeploymentPostprocessing = 0;
		};
/* End PBXResourcesBuildPhase section */

/* Begin PBXSourcesBuildPhase section */
		1FA3CA2A2BD8A90C002B4593 /* Sources */ = {
			isa = PBXSourcesBuildPhase;
			buildActionMask = 2147483647;
			files = (
				1F966A112BE0DC350091EBDD /* SharedData.swift in Sources */,
				1F9669EF2BD8C1360091EBDD /* TabController.swift in Sources */,
				1FA3CA362BD8A90C002B4593 /* JournalViewController.swift in Sources */,
				1F966A022BD92E3E0091EBDD /* NSObject+Extension.swift in Sources */,
				1F966A1C2BE3979D0091EBDD /* JournalListViewController.swift in Sources */,
				1F966A0F2BDA0FB70091EBDD /* JournalEntry.swift in Sources */,
				1FA3CA322BD8A90C002B4593 /* AppDelegate.swift in Sources */,
				1F966A142BE3505A0091EBDD /* RatingView.swift in Sources */,
				1F9669FE2BD92A390091EBDD /* JournalTableViewCell.swift in Sources */,
				1FA3CA342BD8A90C002B4593 /* SceneDelegate.swift in Sources */,
				1F966A212BE398800091EBDD /* JournalListCollectionViewCell.swift in Sources */,
				1F9669F42BD902B70091EBDD /* NewEntryViewController.swift in Sources */,
				1F9669F92BD914000091EBDD /* JournalEntryDetailViewController.swift in Sources */,
				1F9669EC2BD8C04C0091EBDD /* MapViewController.swift in Sources */,
			);
			runOnlyForDeploymentPostprocessing = 0;
		};
/* End PBXSourcesBuildPhase section */

/* Begin PBXVariantGroup section */
		1FA3CA372BD8A90C002B4593 /* Main.storyboard */ = {
			isa = PBXVariantGroup;
			children = (
				1FA3CA382BD8A90C002B4593 /* Base */,
			);
			name = Main.storyboard;
			sourceTree = "<group>";
		};
		1FA3CA3C2BD8A90F002B4593 /* LaunchScreen.storyboard */ = {
			isa = PBXVariantGroup;
			children = (
				1FA3CA3D2BD8A90F002B4593 /* Base */,
			);
			name = LaunchScreen.storyboard;
			sourceTree = "<group>";
		};
/* End PBXVariantGroup section */

/* Begin XCBuildConfiguration section */
		1FA3CA402BD8A90F002B4593 /* Debug */ = {
			isa = XCBuildConfiguration;
			buildSettings = {
				ALWAYS_SEARCH_USER_PATHS = NO;
				CLANG_ANALYZER_NONNULL = YES;
				CLANG_ANALYZER_NUMBER_OBJECT_CONVERSION = YES_AGGRESSIVE;
				CLANG_CXX_LANGUAGE_STANDARD = "gnu++20";
				CLANG_ENABLE_MODULES = YES;
				CLANG_ENABLE_OBJC_ARC = YES;
				CLANG_ENABLE_OBJC_WEAK = YES;
				CLANG_WARN_BLOCK_CAPTURE_AUTORELEASING = YES;
				CLANG_WARN_BOOL_CONVERSION = YES;
				CLANG_WARN_COMMA = YES;
				CLANG_WARN_CONSTANT_CONVERSION = YES;
				CLANG_WARN_DEPRECATED_OBJC_IMPLEMENTATIONS = YES;
				CLANG_WARN_DIRECT_OBJC_ISA_USAGE = YES_ERROR;
				CLANG_WARN_DOCUMENTATION_COMMENTS = YES;
				CLANG_WARN_EMPTY_BODY = YES;
				CLANG_WARN_ENUM_CONVERSION = YES;
				CLANG_WARN_INFINITE_RECURSION = YES;
				CLANG_WARN_INT_CONVERSION = YES;
				CLANG_WARN_NON_LITERAL_NULL_CONVERSION = YES;
				CLANG_WARN_OBJC_IMPLICIT_RETAIN_SELF = YES;
				CLANG_WARN_OBJC_LITERAL_CONVERSION = YES;
				CLANG_WARN_OBJC_ROOT_CLASS = YES_ERROR;
				CLANG_WARN_QUOTED_INCLUDE_IN_FRAMEWORK_HEADER = YES;
				CLANG_WARN_RANGE_LOOP_ANALYSIS = YES;
				CLANG_WARN_STRICT_PROTOTYPES = YES;
				CLANG_WARN_SUSPICIOUS_MOVE = YES;
				CLANG_WARN_UNGUARDED_AVAILABILITY = YES_AGGRESSIVE;
				CLANG_WARN_UNREACHABLE_CODE = YES;
				CLANG_WARN__DUPLICATE_METHOD_MATCH = YES;
				COPY_PHASE_STRIP = NO;
				DEBUG_INFORMATION_FORMAT = dwarf;
				ENABLE_STRICT_OBJC_MSGSEND = YES;
				ENABLE_TESTABILITY = YES;
				GCC_C_LANGUAGE_STANDARD = gnu11;
				GCC_DYNAMIC_NO_PIC = NO;
				GCC_NO_COMMON_BLOCKS = YES;
				GCC_OPTIMIZATION_LEVEL = 0;
				GCC_PREPROCESSOR_DEFINITIONS = (
					"DEBUG=1",
					"$(inherited)",
				);
				GCC_WARN_64_TO_32_BIT_CONVERSION = YES;
				GCC_WARN_ABOUT_RETURN_TYPE = YES_ERROR;
				GCC_WARN_UNDECLARED_SELECTOR = YES;
				GCC_WARN_UNINITIALIZED_AUTOS = YES_AGGRESSIVE;
				GCC_WARN_UNUSED_FUNCTION = YES;
				GCC_WARN_UNUSED_VARIABLE = YES;
				IPHONEOS_DEPLOYMENT_TARGET = 16.4;
				MTL_ENABLE_DEBUG_INFO = INCLUDE_SOURCE;
				MTL_FAST_MATH = YES;
				ONLY_ACTIVE_ARCH = YES;
				SDKROOT = iphoneos;
				SWIFT_ACTIVE_COMPILATION_CONDITIONS = DEBUG;
				SWIFT_OPTIMIZATION_LEVEL = "-Onone";
			};
			name = Debug;
		};
		1FA3CA412BD8A90F002B4593 /* Release */ = {
			isa = XCBuildConfiguration;
			buildSettings = {
				ALWAYS_SEARCH_USER_PATHS = NO;
				CLANG_ANALYZER_NONNULL = YES;
				CLANG_ANALYZER_NUMBER_OBJECT_CONVERSION = YES_AGGRESSIVE;
				CLANG_CXX_LANGUAGE_STANDARD = "gnu++20";
				CLANG_ENABLE_MODULES = YES;
				CLANG_ENABLE_OBJC_ARC = YES;
				CLANG_ENABLE_OBJC_WEAK = YES;
				CLANG_WARN_BLOCK_CAPTURE_AUTORELEASING = YES;
				CLANG_WARN_BOOL_CONVERSION = YES;
				CLANG_WARN_COMMA = YES;
				CLANG_WARN_CONSTANT_CONVERSION = YES;
				CLANG_WARN_DEPRECATED_OBJC_IMPLEMENTATIONS = YES;
				CLANG_WARN_DIRECT_OBJC_ISA_USAGE = YES_ERROR;
				CLANG_WARN_DOCUMENTATION_COMMENTS = YES;
				CLANG_WARN_EMPTY_BODY = YES;
				CLANG_WARN_ENUM_CONVERSION = YES;
				CLANG_WARN_INFINITE_RECURSION = YES;
				CLANG_WARN_INT_CONVERSION = YES;
				CLANG_WARN_NON_LITERAL_NULL_CONVERSION = YES;
				CLANG_WARN_OBJC_IMPLICIT_RETAIN_SELF = YES;
				CLANG_WARN_OBJC_LITERAL_CONVERSION = YES;
				CLANG_WARN_OBJC_ROOT_CLASS = YES_ERROR;
				CLANG_WARN_QUOTED_INCLUDE_IN_FRAMEWORK_HEADER = YES;
				CLANG_WARN_RANGE_LOOP_ANALYSIS = YES;
				CLANG_WARN_STRICT_PROTOTYPES = YES;
				CLANG_WARN_SUSPICIOUS_MOVE = YES;
				CLANG_WARN_UNGUARDED_AVAILABILITY = YES_AGGRESSIVE;
				CLANG_WARN_UNREACHABLE_CODE = YES;
				CLANG_WARN__DUPLICATE_METHOD_MATCH = YES;
				COPY_PHASE_STRIP = NO;
				DEBUG_INFORMATION_FORMAT = "dwarf-with-dsym";
				ENABLE_NS_ASSERTIONS = NO;
				ENABLE_STRICT_OBJC_MSGSEND = YES;
				GCC_C_LANGUAGE_STANDARD = gnu11;
				GCC_NO_COMMON_BLOCKS = YES;
				GCC_WARN_64_TO_32_BIT_CONVERSION = YES;
				GCC_WARN_ABOUT_RETURN_TYPE = YES_ERROR;
				GCC_WARN_UNDECLARED_SELECTOR = YES;
				GCC_WARN_UNINITIALIZED_AUTOS = YES_AGGRESSIVE;
				GCC_WARN_UNUSED_FUNCTION = YES;
				GCC_WARN_UNUSED_VARIABLE = YES;
				IPHONEOS_DEPLOYMENT_TARGET = 16.4;
				MTL_ENABLE_DEBUG_INFO = NO;
				MTL_FAST_MATH = YES;
				SDKROOT = iphoneos;
				SWIFT_COMPILATION_MODE = wholemodule;
				SWIFT_OPTIMIZATION_LEVEL = "-O";
				VALIDATE_PRODUCT = YES;
			};
			name = Release;
		};
		1FA3CA432BD8A90F002B4593 /* Debug */ = {
			isa = XCBuildConfiguration;
			buildSettings = {
				ASSETCATALOG_COMPILER_APPICON_NAME = AppIcon;
				ASSETCATALOG_COMPILER_GLOBAL_ACCENT_COLOR_NAME = AccentColor;
				CODE_SIGN_STYLE = Automatic;
				CURRENT_PROJECT_VERSION = 1;
				GENERATE_INFOPLIST_FILE = YES;
				INFOPLIST_FILE = JRNL/Info.plist;
				INFOPLIST_KEY_UIApplicationSupportsIndirectInputEvents = YES;
				INFOPLIST_KEY_UILaunchStoryboardName = LaunchScreen;
				INFOPLIST_KEY_UISupportedInterfaceOrientations_iPad = "UIInterfaceOrientationPortrait UIInterfaceOrientationPortraitUpsideDown UIInterfaceOrientationLandscapeLeft UIInterfaceOrientationLandscapeRight";
				INFOPLIST_KEY_UISupportedInterfaceOrientations_iPhone = "UIInterfaceOrientationPortrait UIInterfaceOrientationLandscapeLeft UIInterfaceOrientationLandscapeRight";
				LD_RUNPATH_SEARCH_PATHS = (
					"$(inherited)",
					"@executable_path/Frameworks",
				);
				MARKETING_VERSION = 1.0;
				PRODUCT_BUNDLE_IDENTIFIER = com.vinhnguyen.JRNL;
				PRODUCT_NAME = "$(TARGET_NAME)";
				SWIFT_EMIT_LOC_STRINGS = YES;
				SWIFT_VERSION = 5.0;
				TARGETED_DEVICE_FAMILY = "1,2";
			};
			name = Debug;
		};
		1FA3CA442BD8A90F002B4593 /* Release */ = {
			isa = XCBuildConfiguration;
			buildSettings = {
				ASSETCATALOG_COMPILER_APPICON_NAME = AppIcon;
				ASSETCATALOG_COMPILER_GLOBAL_ACCENT_COLOR_NAME = AccentColor;
				CODE_SIGN_STYLE = Automatic;
				CURRENT_PROJECT_VERSION = 1;
				GENERATE_INFOPLIST_FILE = YES;
				INFOPLIST_FILE = JRNL/Info.plist;
				INFOPLIST_KEY_UIApplicationSupportsIndirectInputEvents = YES;
				INFOPLIST_KEY_UILaunchStoryboardName = LaunchScreen;
				INFOPLIST_KEY_UISupportedInterfaceOrientations_iPad = "UIInterfaceOrientationPortrait UIInterfaceOrientationPortraitUpsideDown UIInterfaceOrientationLandscapeLeft UIInterfaceOrientationLandscapeRight";
				INFOPLIST_KEY_UISupportedInterfaceOrientations_iPhone = "UIInterfaceOrientationPortrait UIInterfaceOrientationLandscapeLeft UIInterfaceOrientationLandscapeRight";
				LD_RUNPATH_SEARCH_PATHS = (
					"$(inherited)",
					"@executable_path/Frameworks",
				);
				MARKETING_VERSION = 1.0;
				PRODUCT_BUNDLE_IDENTIFIER = com.vinhnguyen.JRNL;
				PRODUCT_NAME = "$(TARGET_NAME)";
				SWIFT_EMIT_LOC_STRINGS = YES;
				SWIFT_VERSION = 5.0;
				TARGETED_DEVICE_FAMILY = "1,2";
			};
			name = Release;
		};
/* End XCBuildConfiguration section */

/* Begin XCConfigurationList section */
		1FA3CA292BD8A90C002B4593 /* Build configuration list for PBXProject "JRNL" */ = {
			isa = XCConfigurationList;
			buildConfigurations = (
				1FA3CA402BD8A90F002B4593 /* Debug */,
				1FA3CA412BD8A90F002B4593 /* Release */,
			);
			defaultConfigurationIsVisible = 0;
			defaultConfigurationName = Release;
		};
		1FA3CA422BD8A90F002B4593 /* Build configuration list for PBXNativeTarget "JRNL" */ = {
			isa = XCConfigurationList;
			buildConfigurations = (
				1FA3CA432BD8A90F002B4593 /* Debug */,
				1FA3CA442BD8A90F002B4593 /* Release */,
			);
			defaultConfigurationIsVisible = 0;
			defaultConfigurationName = Release;
		};
/* End XCConfigurationList section */
	};
	rootObject = 1FA3CA262BD8A90C002B4593 /* Project object */;
}
